
Microsoft Visual Studio Solution File, Format Version 12.00
# Visual Studio Version 17
VisualStudioVersion = 17.14.36310.24 d17.14
MinimumVisualStudioVersion = 10.0.40219.1
Project("{FAE04EC0-301F-11D3-BF4B-00C04F79EFBC}") = "KonyvtarKezelo", "KonyvtarKezelo\KonyvtarKezelo.csproj", "{2ACC1851-442C-4F1D-8283-D6CB737D2AB5}"
EndProject
Global
	GlobalSection(SolutionConfigurationPlatforms) = preSolution
		Debug|Any CPU = Debug|Any CPU
		Release|Any CPU = Release|Any CPU
	EndGlobalSection
	GlobalSection(ProjectConfigurationPlatforms) = postSolution
		{2ACC1851-442C-4F1D-8283-D6CB737D2AB5}.Debug|Any CPU.ActiveCfg = Debug|Any CPU
		{2ACC1851-442C-4F1D-8283-D6CB737D2AB5}.Debug|Any CPU.Build.0 = Debug|Any CPU
		{2ACC1851-442C-4F1D-8283-D6CB737D2AB5}.Release|Any CPU.ActiveCfg = Release|Any CPU
		{2ACC1851-442C-4F1D-8283-D6CB737D2AB5}.Release|Any CPU.Build.0 = Release|Any CPU
	EndGlobalSection
	GlobalSection(SolutionProperties) = preSolution
		HideSolutionNode = FALSE
	EndGlobalSection
	GlobalSection(ExtensibilityGlobals) = postSolution
		SolutionGuid = {E1A6CAE7-0717-42BF-8F47-6AFF7A9B6ED1}
	EndGlobalSection
EndGlobal
